Microsoft Visual Studio Solution File, Format Version 11.00
# Visual Studio 2008

Project("{00126EE2-4D8C-EAF5-7299-A1C681C05802}") = "KU-Day1", "Assembly-CSharp.csproj", "{FAEE3B90-849D-0E97-5F9E-8E57DDD16D5A}"
EndProject
Global
	GlobalSection(SolutionConfigurationPlatforms) = preSolution
		Debug|Any CPU = Debug|Any CPU
		Release|Any CPU = Release|Any CPU
	EndGlobalSection
	GlobalSection(ProjectConfigurationPlatforms) = postSolution
		{FAEE3B90-849D-0E97-5F9E-8E57DDD16D5A}.Debug|Any CPU.ActiveCfg = Debug|Any CPU
		{FAEE3B90-849D-0E97-5F9E-8E57DDD16D5A}.Debug|Any CPU.Build.0 = Debug|Any CPU
		{FAEE3B90-849D-0E97-5F9E-8E57DDD16D5A}.Release|Any CPU.ActiveCfg = Release|Any CPU
		{FAEE3B90-849D-0E97-5F9E-8E57DDD16D5A}.Release|Any CPU.Build.0 = Release|Any CPU
	EndGlobalSection
	GlobalSection(SolutionProperties) = preSolution
		HideSolutionNode = FALSE
	EndGlobalSection
	GlobalSection(MonoDevelopProperties) = preSolution
		StartupItem = Assembly-CSharp.csproj
	EndGlobalSection
EndGlobal
